
Microsoft Visual Studio Solution File, Format Version 12.00
# Visual Studio Version 16
VisualStudioVersion = 16.0.30523.141
MinimumVisualStudioVersion = 10.0.40219.1
Project("{9A19103F-16F7-4668-BE54-9A1E7A4F7556}") = "CobolTable", "CobolTable\CobolTable.csproj", "{A4BBFB29-4B6E-4676-A8E9-5704A246EE41}"
EndProject
Project("{9A19103F-16F7-4668-BE54-9A1E7A4F7556}") = "CobolTable.Tests", "CobolTable.Tests\CobolTable.Tests.csproj", "{E43CA33B-1B96-4A19-9EA0-56535C2E5B66}"
EndProject
Global
	GlobalSection(SolutionConfigurationPlatforms) = preSolution
		Debug|Any CPU = Debug|Any CPU
		Release|Any CPU = Release|Any CPU
	EndGlobalSection
	GlobalSection(ProjectConfigurationPlatforms) = postSolution
		{A4BBFB29-4B6E-4676-A8E9-5704A246EE41}.Debug|Any CPU.ActiveCfg = Debug|Any CPU
		{A4BBFB29-4B6E-4676-A8E9-5704A246EE41}.Debug|Any CPU.Build.0 = Debug|Any CPU
		{A4BBFB29-4B6E-4676-A8E9-5704A246EE41}.Release|Any CPU.ActiveCfg = Release|Any CPU
		{A4BBFB29-4B6E-4676-A8E9-5704A246EE41}.Release|Any CPU.Build.0 = Release|Any CPU
		{E43CA33B-1B96-4A19-9EA0-56535C2E5B66}.Debug|Any CPU.ActiveCfg = Debug|Any CPU
		{E43CA33B-1B96-4A19-9EA0-56535C2E5B66}.Debug|Any CPU.Build.0 = Debug|Any CPU
		{E43CA33B-1B96-4A19-9EA0-56535C2E5B66}.Release|Any CPU.ActiveCfg = Release|Any CPU
		{E43CA33B-1B96-4A19-9EA0-56535C2E5B66}.Release|Any CPU.Build.0 = Release|Any CPU
	EndGlobalSection
	GlobalSection(SolutionProperties) = preSolution
		HideSolutionNode = FALSE
	EndGlobalSection
	GlobalSection(ExtensibilityGlobals) = postSolution
		SolutionGuid = {F51CC914-83E2-4424-B50E-88E5B423BF69}
	EndGlobalSection
EndGlobal
